{
  "name": "codex-claude-review",
  "version": "0.1.6",
  "lockfileVersion": 3,
  "requires": true,
  "packages": {
    "": {
      "name": "codex-claude-review",
      "version": "0.1.6",
      "license": "MIT",
      "bin": {
        "claude-review": "bin/claude-review.mjs"
      },
      "engines": {
        "node": ">=22"
      }
    }
  }
}
